
Microsoft Visual Studio Solution File, Format Version 12.00
# Visual Studio Version 16
VisualStudioVersion = 16.0.31424.327
MinimumVisualStudioVersion = 10.0.40219.1
Project("{FAE04EC0-301F-11D3-BF4B-00C04F79EFBC}") = "CarRegister", "CarRegister\CarRegister.csproj", "{AFA982C9-0428-473D-AD45-68EBBF238B0A}"
EndProject
Global
	GlobalSection(SolutionConfigurationPlatforms) = preSolution
		Debug|Any CPU = Debug|Any CPU
		Release|Any CPU = Release|Any CPU
	EndGlobalSection
	GlobalSection(ProjectConfigurationPlatforms) = postSolution
		{AFA982C9-0428-473D-AD45-68EBBF238B0A}.Debug|Any CPU.ActiveCfg = Debug|Any CPU
		{AFA982C9-0428-473D-AD45-68EBBF238B0A}.Debug|Any CPU.Build.0 = Debug|Any CPU
		{AFA982C9-0428-473D-AD45-68EBBF238B0A}.Release|Any CPU.ActiveCfg = Release|Any CPU
		{AFA982C9-0428-473D-AD45-68EBBF238B0A}.Release|Any CPU.Build.0 = Release|Any CPU
	EndGlobalSection
	GlobalSection(SolutionProperties) = preSolution
		HideSolutionNode = FALSE
	EndGlobalSection
	GlobalSection(ExtensibilityGlobals) = postSolution
		SolutionGuid = {B85D575A-0D92-4D61-BF6A-F644B111BD93}
	EndGlobalSection
EndGlobal
